// !$*UTF8*$!
{
	archiveVersion = 1;
	classes = {
	};
	objectVersion = 56;
	objects = {

/* Begin PBXBuildFile section */
		D5C650EC29D8BF7F0092E83A /* AppApp.swift in Sources */ = {isa = PBXBuildFile; fileRef = D5C650EB29D8BF7F0092E83A /* AppApp.swift */; };
		D5C650EE29D8BF7F0092E83A /* ContentView.swift in Sources */ = {isa = PBXBuildFile; fileRef = D5C650ED29D8BF7F0092E83A /* ContentView.swift */; };
		D5C650F029D8BF800092E83A /* Assets.xcassets in Resources */ = {isa = PBXBuildFile; fileRef = D5C650EF29D8BF800092E83A /* Assets.xcassets */; };
		D5C650F329D8BF800092E83A /* Preview Assets.xcassets in Resources */ = {isa = PBXBuildFile; fileRef = D5C650F229D8BF800092E83A /* Preview Assets.xcassets */; };
		D5C650FD29D8BF800092E83A /* AppTests.swift in Sources */ = {isa = PBXBuildFile; fileRef = D5C650FC29D8BF800092E83A /* AppTests.swift */; };
		D5C6510729D8BF800092E83A /* AppUITests.swift in Sources */ = {isa = PBXBuildFile; fileRef = D5C6510629D8BF800092E83A /* AppUITests.swift */; };
		D5C6510929D8BF800092E83A /* AppUITestsLaunchTests.swift in Sources */ = {isa = PBXBuildFile; fileRef = D5C6510829D8BF800092E83A /* AppUITestsLaunchTests.swift */; };
		D5C6511729D8BFB30092E83A /* Post.swift in Sources */ = {isa = PBXBuildFile; fileRef = D5C6511529D8BFB30092E83A /* Post.swift */; };
		D5C6511829D8BFB30092E83A /* Author.swift in Sources */ = {isa = PBXBuildFile; fileRef = D5C6511629D8BFB30092E83A /* Author.swift */; };
/* End PBXBuildFile section */

/* Begin PBXContainerItemProxy section */
		D5C650F929D8BF800092E83A /* PBXContainerItemProxy */ = {
			isa = PBXContainerItemProxy;
			containerPortal = D5C650E029D8BF7F0092E83A /* Project object */;
			proxyType = 1;
			remoteGlobalIDString = D5C650E729D8BF7F0092E83A;
			remoteInfo = App;
		};
		D5C6510329D8BF800092E83A /* PBXContainerItemProxy */ = {
			isa = PBXContainerItemProxy;
			containerPortal = D5C650E029D8BF7F0092E83A /* Project object */;
			proxyType = 1;
			remoteGlobalIDString = D5C650E729D8BF7F0092E83A;
			remoteInfo = App;
		};
/* End PBXContainerItemProxy section */

/* Begin PBXFileReference section */
		D5C650E829D8BF7F0092E83A /* App.app */ = {isa = PBXFileReference; explicitFileType = wrapper.application; includeInIndex = 0; path = App.app; sourceTree = BUILT_PRODUCTS_DIR; };
		D5C650EB29D8BF7F0092E83A /* AppApp.swift */ = {isa = PBXFileReference; lastKnownFileType = sourcecode.swift; path = AppApp.swift; sourceTree = "<group>"; };
		D5C650ED29D8BF7F0092E83A /* ContentView.swift */ = {isa = PBXFileReference; lastKnownFileType = sourcecode.swift; path = ContentView.swift; sourceTree = "<group>"; };
		D5C650EF29D8BF800092E83A /* Assets.xcassets */ = {isa = PBXFileReference; lastKnownFileType = folder.assetcatalog; path = Assets.xcassets; sourceTree = "<group>"; };
		D5C650F229D8BF800092E83A /* Preview Assets.xcassets */ = {isa = PBXFileReference; lastKnownFileType = folder.assetcatalog; path = "Preview Assets.xcassets"; sourceTree = "<group>"; };
		D5C650F829D8BF800092E83A /* AppTests.xctest */ = {isa = PBXFileReference; explicitFileType = wrapper.cfbundle; includeInIndex = 0; path = AppTests.xctest; sourceTree = BUILT_PRODUCTS_DIR; };
		D5C650FC29D8BF800092E83A /* AppTests.swift */ = {isa = PBXFileReference; lastKnownFileType = sourcecode.swift; path = AppTests.swift; sourceTree = "<group>"; };
		D5C6510229D8BF800092E83A /* AppUITests.xctest */ = {isa = PBXFileReference; explicitFileType = wrapper.cfbundle; includeInIndex = 0; path = AppUITests.xctest; sourceTree = BUILT_PRODUCTS_DIR; };
		D5C6510629D8BF800092E83A /* AppUITests.swift */ = {isa = PBXFileReference; lastKnownFileType = sourcecode.swift; path = AppUITests.swift; sourceTree = "<group>"; };
		D5C6510829D8BF800092E83A /* AppUITestsLaunchTests.swift */ = {isa = PBXFileReference; lastKnownFileType = sourcecode.swift; path = AppUITestsLaunchTests.swift; sourceTree = "<group>"; };
		D5C6511529D8BFB30092E83A /* Post.swift */ = {isa = PBXFileReference; fileEncoding = 4; lastKnownFileType = sourcecode.swift; name = Post.swift; path = "../../../Downloads/InstagramClone-main/InstagramClone/Post.swift"; sourceTree = "<group>"; };
		D5C6511629D8BFB30092E83A /* Author.swift */ = {isa = PBXFileReference; fileEncoding = 4; lastKnownFileType = sourcecode.swift; name = Author.swift; path = "../../../Downloads/InstagramClone-main/InstagramClone/Author.swift"; sourceTree = "<group>"; };
/* End PBXFileReference section */

/* Begin PBXFrameworksBuildPhase section */
		D5C650E529D8BF7F0092E83A /* Frameworks */ = {
			isa = PBXFrameworksBuildPhase;
			buildActionMask = 2147483647;
			files = (
			);
			runOnlyForDeploymentPostprocessing = 0;
		};
		D5C650F529D8BF800092E83A /* Frameworks */ = {
			isa = PBXFrameworksBuildPhase;
			buildActionMask = 2147483647;
			files = (
			);
			runOnlyForDeploymentPostprocessing = 0;
		};
		D5C650FF29D8BF800092E83A /* Frameworks */ = {
			isa = PBXFrameworksBuildPhase;
			buildActionMask = 2147483647;
			files = (
			);
			runOnlyForDeploymentPostprocessing = 0;
		};
/* End PBXFrameworksBuildPhase section */

/* Begin PBXGroup section */
		D5C650DF29D8BF7F0092E83A = {
			isa = PBXGroup;
			children = (
				D5C650EA29D8BF7F0092E83A /* App */,
				D5C650FB29D8BF800092E83A /* AppTests */,
				D5C6510529D8BF800092E83A /* AppUITests */,
				D5C650E929D8BF7F0092E83A /* Products */,
			);
			sourceTree = "<group>";
		};
		D5C650E929D8BF7F0092E83A /* Products */ = {
			isa = PBXGroup;
			children = (
				D5C650E829D8BF7F0092E83A /* App.app */,
				D5C650F829D8BF800092E83A /* AppTests.xctest */,
				D5C6510229D8BF800092E83A /* AppUITests.xctest */,
			);
			name = Products;
			sourceTree = "<group>";
		};
		D5C650EA29D8BF7F0092E83A /* App */ = {
			isa = PBXGroup;
			children = (
				D5C650EB29D8BF7F0092E83A /* AppApp.swift */,
				D5C650ED29D8BF7F0092E83A /* ContentView.swift */,
				D5C650EF29D8BF800092E83A /* Assets.xcassets */,
				D5C6511629D8BFB30092E83A /* Author.swift */,
				D5C6511529D8BFB30092E83A /* Post.swift */,
				D5C650F129D8BF800092E83A /* Preview Content */,
			);
			path = App;
			sourceTree = "<group>";
		};
		D5C650F129D8BF800092E83A /* Preview Content */ = {
			isa = PBXGroup;
			children = (
				D5C650F229D8BF800092E83A /* Preview Assets.xcassets */,
			);
			path = "Preview Content";
			sourceTree = "<group>";
		};
		D5C650FB29D8BF800092E83A /* AppTests */ = {
			isa = PBXGroup;
			children = (
				D5C650FC29D8BF800092E83A /* AppTests.swift */,
			);
			path = AppTests;
			sourceTree = "<group>";
		};
		D5C6510529D8BF800092E83A /* AppUITests */ = {
			isa = PBXGroup;
			children = (
				D5C6510629D8BF800092E83A /* AppUITests.swift */,
				D5C6510829D8BF800092E83A /* AppUITestsLaunchTests.swift */,
			);
			path = AppUITests;
			sourceTree = "<group>";
		};
/* End PBXGroup section */

/* Begin PBXNativeTarget section */
		D5C650E729D8BF7F0092E83A /* App */ = {
			isa = PBXNativeTarget;
			buildConfigurationList = D5C6510C29D8BF800092E83A /* Build configuration list for PBXNativeTarget "App" */;
			buildPhases = (
				D5C650E429D8BF7F0092E83A /* Sources */,
				D5C650E529D8BF7F0092E83A /* Frameworks */,
				D5C650E629D8BF7F0092E83A /* Resources */,
			);
			buildRules = (
			);
			dependencies = (
			);
			name = App;
			productName = App;
			productReference = D5C650E829D8BF7F0092E83A /* App.app */;
			productType = "com.apple.product-type.application";
		};
		D5C650F729D8BF800092E83A /* AppTests */ = {
			isa = PBXNativeTarget;
			buildConfigurationList = D5C6510F29D8BF800092E83A /* Build configuration list for PBXNativeTarget "AppTests" */;
			buildPhases = (
				D5C650F429D8BF800092E83A /* Sources */,
				D5C650F529D8BF800092E83A /* Frameworks */,
				D5C650F629D8BF800092E83A /* Resources */,
			);
			buildRules = (
			);
			dependencies = (
				D5C650FA29D8BF800092E83A /* PBXTargetDependency */,
			);
			name = AppTests;
			productName = AppTests;
			productReference = D5C650F829D8BF800092E83A /* AppTests.xctest */;
			productType = "com.apple.product-type.bundle.unit-test";
		};
		D5C6510129D8BF800092E83A /* AppUITests */ = {
			isa = PBXNativeTarget;
			buildConfigurationList = D5C6511229D8BF800092E83A /* Build configuration list for PBXNativeTarget "AppUITests" */;
			buildPhases = (
				D5C650FE29D8BF800092E83A /* Sources */,
				D5C650FF29D8BF800092E83A /* Frameworks */,
				D5C6510029D8BF800092E83A /* Resources */,
			);
			buildRules = (
			);
			dependencies = (
				D5C6510429D8BF800092E83A /* PBXTargetDependency */,
			);
			name = AppUITests;
			productName = AppUITests;
			productReference = D5C6510229D8BF800092E83A /* AppUITests.xctest */;
			productType = "com.apple.product-type.bundle.ui-testing";
		};
/* End PBXNativeTarget section */

/* Begin PBXProject section */
		D5C650E029D8BF7F0092E83A /* Project object */ = {
			isa = PBXProject;
			attributes = {
				BuildIndependentTargetsInParallel = 1;
				LastSwiftUpdateCheck = 1430;
				LastUpgradeCheck = 1430;
				TargetAttributes = {
					D5C650E729D8BF7F0092E83A = {
						CreatedOnToolsVersion = 14.3;
					};
					D5C650F729D8BF800092E83A = {
						CreatedOnToolsVersion = 14.3;
						TestTargetID = D5C650E729D8BF7F0092E83A;
					};
					D5C6510129D8BF800092E83A = {
						CreatedOnToolsVersion = 14.3;
						TestTargetID = D5C650E729D8BF7F0092E83A;
					};
				};
			};
			buildConfigurationList = D5C650E329D8BF7F0092E83A /* Build configuration list for PBXProject "App" */;
			compatibilityVersion = "Xcode 14.0";
			developmentRegion = en;
			hasScannedForEncodings = 0;
			knownRegions = (
				en,
				Base,
			);
			mainGroup = D5C650DF29D8BF7F0092E83A;
			productRefGroup = D5C650E929D8BF7F0092E83A /* Products */;
			projectDirPath = "";
			projectRoot = "";
			targets = (
				D5C650E729D8BF7F0092E83A /* App */,
				D5C650F729D8BF800092E83A /* AppTests */,
				D5C6510129D8BF800092E83A /* AppUITests */,
			);
		};
/* End PBXProject section */

/* Begin PBXResourcesBuildPhase section */
		D5C650E629D8BF7F0092E83A /* Resources */ = {
			isa = PBXResourcesBuildPhase;
			buildActionMask = 2147483647;
			files = (
				D5C650F329D8BF800092E83A /* Preview Assets.xcassets in Resources */,
				D5C650F029D8BF800092E83A /* Assets.xcassets in Resources */,
			);
			runOnlyForDeploymentPostprocessing = 0;
		};
		D5C650F629D8BF800092E83A /* Resources */ = {
			isa = PBXResourcesBuildPhase;
			buildActionMask = 2147483647;
			files = (
			);
			runOnlyForDeploymentPostprocessing = 0;
		};
		D5C6510029D8BF800092E83A /* Resources */ = {
			isa = PBXResourcesBuildPhase;
			buildActionMask = 2147483647;
			files = (
			);
			runOnlyForDeploymentPostprocessing = 0;
		};
/* End PBXResourcesBuildPhase section */

/* Begin PBXSourcesBuildPhase section */
		D5C650E429D8BF7F0092E83A /* Sources */ = {
			isa = PBXSourcesBuildPhase;
			buildActionMask = 2147483647;
			files = (
				D5C6511729D8BFB30092E83A /* Post.swift in Sources */,
				D5C650EE29D8BF7F0092E83A /* ContentView.swift in Sources */,
				D5C6511829D8BFB30092E83A /* Author.swift in Sources */,
				D5C650EC29D8BF7F0092E83A /* AppApp.swift in Sources */,
			);
			runOnlyForDeploymentPostprocessing = 0;
		};
		D5C650F429D8BF800092E83A /* Sources */ = {
			isa = PBXSourcesBuildPhase;
			buildActionMask = 2147483647;
			files = (
				D5C650FD29D8BF800092E83A /* AppTests.swift in Sources */,
			);
			runOnlyForDeploymentPostprocessing = 0;
		};
		D5C650FE29D8BF800092E83A /* Sources */ = {
			isa = PBXSourcesBuildPhase;
			buildActionMask = 2147483647;
			files = (
				D5C6510929D8BF800092E83A /* AppUITestsLaunchTests.swift in Sources */,
				D5C6510729D8BF800092E83A /* AppUITests.swift in Sources */,
			);
			runOnlyForDeploymentPostprocessing = 0;
		};
/* End PBXSourcesBuildPhase section */

/* Begin PBXTargetDependency section */
		D5C650FA29D8BF800092E83A /* PBXTargetDependency */ = {
			isa = PBXTargetDependency;
			target = D5C650E729D8BF7F0092E83A /* App */;
			targetProxy = D5C650F929D8BF800092E83A /* PBXContainerItemProxy */;
		};
		D5C6510429D8BF800092E83A /* PBXTargetDependency */ = {
			isa = PBXTargetDependency;
			target = D5C650E729D8BF7F0092E83A /* App */;
			targetProxy = D5C6510329D8BF800092E83A /* PBXContainerItemProxy */;
		};
/* End PBXTargetDependency section */

/* Begin XCBuildConfiguration section */
		D5C6510A29D8BF800092E83A /* Debug */ = {
			isa = XCBuildConfiguration;
			buildSettings = {
				ALWAYS_SEARCH_USER_PATHS = NO;
				CLANG_ANALYZER_NONNULL = YES;
				CLANG_ANALYZER_NUMBER_OBJECT_CONVERSION = YES_AGGRESSIVE;
				CLANG_CXX_LANGUAGE_STANDARD = "gnu++20";
				CLANG_ENABLE_MODULES = YES;
				CLANG_ENABLE_OBJC_ARC = YES;
				CLANG_ENABLE_OBJC_WEAK = YES;
				CLANG_WARN_BLOCK_CAPTURE_AUTORELEASING = YES;
				CLANG_WARN_BOOL_CONVERSION = YES;
				CLANG_WARN_COMMA = YES;
				CLANG_WARN_CONSTANT_CONVERSION = YES;
				CLANG_WARN_DEPRECATED_OBJC_IMPLEMENTATIONS = YES;
				CLANG_WARN_DIRECT_OBJC_ISA_USAGE = YES_ERROR;
				CLANG_WARN_DOCUMENTATION_COMMENTS = YES;
				CLANG_WARN_EMPTY_BODY = YES;
				CLANG_WARN_ENUM_CONVERSION = YES;
				CLANG_WARN_INFINITE_RECURSION = YES;
				CLANG_WARN_INT_CONVERSION = YES;
				CLANG_WARN_NON_LITERAL_NULL_CONVERSION = YES;
				CLANG_WARN_OBJC_IMPLICIT_RETAIN_SELF = YES;
				CLANG_WARN_OBJC_LITERAL_CONVERSION = YES;
				CLANG_WARN_OBJC_ROOT_CLASS = YES_ERROR;
				CLANG_WARN_QUOTED_INCLUDE_IN_FRAMEWORK_HEADER = YES;
				CLANG_WARN_RANGE_LOOP_ANALYSIS = YES;
				CLANG_WARN_STRICT_PROTOTYPES = YES;
				CLANG_WARN_SUSPICIOUS_MOVE = YES;
				CLANG_WARN_UNGUARDED_AVAILABILITY = YES_AGGRESSIVE;
				CLANG_WARN_UNREACHABLE_CODE = YES;
				CLANG_WARN__DUPLICATE_METHOD_MATCH = YES;
				COPY_PHASE_STRIP = NO;
				DEBUG_INFORMATION_FORMAT = dwarf;
				ENABLE_STRICT_OBJC_MSGSEND = YES;
				ENABLE_TESTABILITY = YES;
				GCC_C_LANGUAGE_STANDARD = gnu11;
				GCC_DYNAMIC_NO_PIC = NO;
				GCC_NO_COMMON_BLOCKS = YES;
				GCC_OPTIMIZATION_LEVEL = 0;
				GCC_PREPROCESSOR_DEFINITIONS = (
					"DEBUG=1",
					"$(inherited)",
				);
				GCC_WARN_64_TO_32_BIT_CONVERSION = YES;
				GCC_WARN_ABOUT_RETURN_TYPE = YES_ERROR;
				GCC_WARN_UNDECLARED_SELECTOR = YES;
				GCC_WARN_UNINITIALIZED_AUTOS = YES_AGGRESSIVE;
				GCC_WARN_UNUSED_FUNCTION = YES;
				GCC_WARN_UNUSED_VARIABLE = YES;
				IPHONEOS_DEPLOYMENT_TARGET = 16.4;
				MTL_ENABLE_DEBUG_INFO = INCLUDE_SOURCE;
				MTL_FAST_MATH = YES;
				ONLY_ACTIVE_ARCH = YES;
				SDKROOT = iphoneos;
				SWIFT_ACTIVE_COMPILATION_CONDITIONS = DEBUG;
				SWIFT_OPTIMIZATION_LEVEL = "-Onone";
			};
			name = Debug;
		};
		D5C6510B29D8BF800092E83A /* Release */ = {
			isa = XCBuildConfiguration;
			buildSettings = {
				ALWAYS_SEARCH_USER_PATHS = NO;
				CLANG_ANALYZER_NONNULL = YES;
				CLANG_ANALYZER_NUMBER_OBJECT_CONVERSION = YES_AGGRESSIVE;
				CLANG_CXX_LANGUAGE_STANDARD = "gnu++20";
				CLANG_ENABLE_MODULES = YES;
				CLANG_ENABLE_OBJC_ARC = YES;
				CLANG_ENABLE_OBJC_WEAK = YES;
				CLANG_WARN_BLOCK_CAPTURE_AUTORELEASING = YES;
				CLANG_WARN_BOOL_CONVERSION = YES;
				CLANG_WARN_COMMA = YES;
				CLANG_WARN_CONSTANT_CONVERSION = YES;
				CLANG_WARN_DEPRECATED_OBJC_IMPLEMENTATIONS = YES;
				CLANG_WARN_DIRECT_OBJC_ISA_USAGE = YES_ERROR;
				CLANG_WARN_DOCUMENTATION_COMMENTS = YES;
				CLANG_WARN_EMPTY_BODY = YES;
				CLANG_WARN_ENUM_CONVERSION = YES;
				CLANG_WARN_INFINITE_RECURSION = YES;
				CLANG_WARN_INT_CONVERSION = YES;
				CLANG_WARN_NON_LITERAL_NULL_CONVERSION = YES;
				CLANG_WARN_OBJC_IMPLICIT_RETAIN_SELF = YES;
				CLANG_WARN_OBJC_LITERAL_CONVERSION = YES;
				CLANG_WARN_OBJC_ROOT_CLASS = YES_ERROR;
				CLANG_WARN_QUOTED_INCLUDE_IN_FRAMEWORK_HEADER = YES;
				CLANG_WARN_RANGE_LOOP_ANALYSIS = YES;
				CLANG_WARN_STRICT_PROTOTYPES = YES;
				CLANG_WARN_SUSPICIOUS_MOVE = YES;
				CLANG_WARN_UNGUARDED_AVAILABILITY = YES_AGGRESSIVE;
				CLANG_WARN_UNREACHABLE_CODE = YES;
				CLANG_WARN__DUPLICATE_METHOD_MATCH = YES;
				COPY_PHASE_STRIP = NO;
				DEBUG_INFORMATION_FORMAT = "dwarf-with-dsym";
				ENABLE_NS_ASSERTIONS = NO;
				ENABLE_STRICT_OBJC_MSGSEND = YES;
				GCC_C_LANGUAGE_STANDARD = gnu11;
				GCC_NO_COMMON_BLOCKS = YES;
				GCC_WARN_64_TO_32_BIT_CONVERSION = YES;
				GCC_WARN_ABOUT_RETURN_TYPE = YES_ERROR;
				GCC_WARN_UNDECLARED_SELECTOR = YES;
				GCC_WARN_UNINITIALIZED_AUTOS = YES_AGGRESSIVE;
				GCC_WARN_UNUSED_FUNCTION = YES;
				GCC_WARN_UNUSED_VARIABLE = YES;
				IPHONEOS_DEPLOYMENT_TARGET = 16.4;
				MTL_ENABLE_DEBUG_INFO = NO;
				MTL_FAST_MATH = YES;
				SDKROOT = iphoneos;
				SWIFT_COMPILATION_MODE = wholemodule;
				SWIFT_OPTIMIZATION_LEVEL = "-O";
				VALIDATE_PRODUCT = YES;
			};
			name = Release;
		};
		D5C6510D29D8BF800092E83A /* Debug */ = {
			isa = XCBuildConfiguration;
			buildSettings = {
				ASSETCATALOG_COMPILER_APPICON_NAME = AppIcon;
				ASSETCATALOG_COMPILER_GLOBAL_ACCENT_COLOR_NAME = AccentColor;
				CODE_SIGN_STYLE = Automatic;
				CURRENT_PROJECT_VERSION = 1;
				DEVELOPMENT_ASSET_PATHS = "\"App/Preview Content\"";
				ENABLE_PREVIEWS = YES;
				GENERATE_INFOPLIST_FILE = YES;
				INFOPLIST_KEY_UIApplicationSceneManifest_Generation = YES;
				INFOPLIST_KEY_UIApplicationSupportsIndirectInputEvents = YES;
				INFOPLIST_KEY_UILaunchScreen_Generation = YES;
				INFOPLIST_KEY_UISupportedInterfaceOrientations_iPad = "UIInterfaceOrientationPortrait UIInterfaceOrientationPortraitUpsideDown UIInterfaceOrientationLandscapeLeft UIInterfaceOrientationLandscapeRight";
				INFOPLIST_KEY_UISupportedInterfaceOrientations_iPhone = "UIInterfaceOrientationPortrait UIInterfaceOrientationLandscapeLeft UIInterfaceOrientationLandscapeRight";
				LD_RUNPATH_SEARCH_PATHS = (
					"$(inherited)",
					"@executable_path/Frameworks",
				);
				MARKETING_VERSION = 1.0;
				PRODUCT_BUNDLE_IDENTIFIER = myapp.App;
				PRODUCT_NAME = "$(TARGET_NAME)";
				SWIFT_EMIT_LOC_STRINGS = YES;
				SWIFT_VERSION = 5.0;
				TARGETED_DEVICE_FAMILY = "1,2";
			};
			name = Debug;
		};
		D5C6510E29D8BF800092E83A /* Release */ = {
			isa = XCBuildConfiguration;
			buildSettings = {
				ASSETCATALOG_COMPILER_APPICON_NAME = AppIcon;
				ASSETCATALOG_COMPILER_GLOBAL_ACCENT_COLOR_NAME = AccentColor;
				CODE_SIGN_STYLE = Automatic;
				CURRENT_PROJECT_VERSION = 1;
				DEVELOPMENT_ASSET_PATHS = "\"App/Preview Content\"";
				ENABLE_PREVIEWS = YES;
				GENERATE_INFOPLIST_FILE = YES;
				INFOPLIST_KEY_UIApplicationSceneManifest_Generation = YES;
				INFOPLIST_KEY_UIApplicationSupportsIndirectInputEvents = YES;
				INFOPLIST_KEY_UILaunchScreen_Generation = YES;
				INFOPLIST_KEY_UISupportedInterfaceOrientations_iPad = "UIInterfaceOrientationPortrait UIInterfaceOrientationPortraitUpsideDown UIInterfaceOrientationLandscapeLeft UIInterfaceOrientationLandscapeRight";
				INFOPLIST_KEY_UISupportedInterfaceOrientations_iPhone = "UIInterfaceOrientationPortrait UIInterfaceOrientationLandscapeLeft UIInterfaceOrientationLandscapeRight";
				LD_RUNPATH_SEARCH_PATHS = (
					"$(inherited)",
					"@executable_path/Frameworks",
				);
				MARKETING_VERSION = 1.0;
				PRODUCT_BUNDLE_IDENTIFIER = myapp.App;
				PRODUCT_NAME = "$(TARGET_NAME)";
				SWIFT_EMIT_LOC_STRINGS = YES;
				SWIFT_VERSION = 5.0;
				TARGETED_DEVICE_FAMILY = "1,2";
			};
			name = Release;
		};
		D5C6511029D8BF800092E83A /* Debug */ = {
			isa = XCBuildConfiguration;
			buildSettings = {
				ALWAYS_EMBED_SWIFT_STANDARD_LIBRARIES = YES;
				BUNDLE_LOADER = "$(TEST_HOST)";
				CODE_SIGN_STYLE = Automatic;
				CURRENT_PROJECT_VERSION = 1;
				GENERATE_INFOPLIST_FILE = YES;
				IPHONEOS_DEPLOYMENT_TARGET = 16.4;
				MARKETING_VERSION = 1.0;
				PRODUCT_BUNDLE_IDENTIFIER = myapp.AppTests;
				PRODUCT_NAME = "$(TARGET_NAME)";
				SWIFT_EMIT_LOC_STRINGS = NO;
				SWIFT_VERSION = 5.0;
				TARGETED_DEVICE_FAMILY = "1,2";
				TEST_HOST = "$(BUILT_PRODUCTS_DIR)/App.app/$(BUNDLE_EXECUTABLE_FOLDER_PATH)/App";
			};
			name = Debug;
		};
		D5C6511129D8BF800092E83A /* Release */ = {
			isa = XCBuildConfiguration;
			buildSettings = {
				ALWAYS_EMBED_SWIFT_STANDARD_LIBRARIES = YES;
				BUNDLE_LOADER = "$(TEST_HOST)";
				CODE_SIGN_STYLE = Automatic;
				CURRENT_PROJECT_VERSION = 1;
				GENERATE_INFOPLIST_FILE = YES;
				IPHONEOS_DEPLOYMENT_TARGET = 16.4;
				MARKETING_VERSION = 1.0;
				PRODUCT_BUNDLE_IDENTIFIER = myapp.AppTests;
				PRODUCT_NAME = "$(TARGET_NAME)";
				SWIFT_EMIT_LOC_STRINGS = NO;
				SWIFT_VERSION = 5.0;
				TARGETED_DEVICE_FAMILY = "1,2";
				TEST_HOST = "$(BUILT_PRODUCTS_DIR)/App.app/$(BUNDLE_EXECUTABLE_FOLDER_PATH)/App";
			};
			name = Release;
		};
		D5C6511329D8BF800092E83A /* Debug */ = {
			isa = XCBuildConfiguration;
			buildSettings = {
				ALWAYS_EMBED_SWIFT_STANDARD_LIBRARIES = YES;
				CODE_SIGN_STYLE = Automatic;
				CURRENT_PROJECT_VERSION = 1;
				GENERATE_INFOPLIST_FILE = YES;
				MARKETING_VERSION = 1.0;
				PRODUCT_BUNDLE_IDENTIFIER = myapp.AppUITests;
				PRODUCT_NAME = "$(TARGET_NAME)";
				SWIFT_EMIT_LOC_STRINGS = NO;
				SWIFT_VERSION = 5.0;
				TARGETED_DEVICE_FAMILY = "1,2";
				TEST_TARGET_NAME = App;
			};
			name = Debug;
		};
		D5C6511429D8BF800092E83A /* Release */ = {
			isa = XCBuildConfiguration;
			buildSettings = {
				ALWAYS_EMBED_SWIFT_STANDARD_LIBRARIES = YES;
				CODE_SIGN_STYLE = Automatic;
				CURRENT_PROJECT_VERSION = 1;
				GENERATE_INFOPLIST_FILE = YES;
				MARKETING_VERSION = 1.0;
				PRODUCT_BUNDLE_IDENTIFIER = myapp.AppUITests;
				PRODUCT_NAME = "$(TARGET_NAME)";
				SWIFT_EMIT_LOC_STRINGS = NO;
				SWIFT_VERSION = 5.0;
				TARGETED_DEVICE_FAMILY = "1,2";
				TEST_TARGET_NAME = App;
			};
			name = Release;
		};
/* End XCBuildConfiguration section */

/* Begin XCConfigurationList section */
		D5C650E329D8BF7F0092E83A /* Build configuration list for PBXProject "App" */ = {
			isa = XCConfigurationList;
			buildConfigurations = (
				D5C6510A29D8BF800092E83A /* Debug */,
				D5C6510B29D8BF800092E83A /* Release */,
			);
			defaultConfigurationIsVisible = 0;
			defaultConfigurationName = Release;
		};
		D5C6510C29D8BF800092E83A /* Build configuration list for PBXNativeTarget "App" */ = {
			isa = XCConfigurationList;
			buildConfigurations = (
				D5C6510D29D8BF800092E83A /* Debug */,
				D5C6510E29D8BF800092E83A /* Release */,
			);
			defaultConfigurationIsVisible = 0;
			defaultConfigurationName = Release;
		};
		D5C6510F29D8BF800092E83A /* Build configuration list for PBXNativeTarget "AppTests" */ = {
			isa = XCConfigurationList;
			buildConfigurations = (
				D5C6511029D8BF800092E83A /* Debug */,
				D5C6511129D8BF800092E83A /* Release */,
			);
			defaultConfigurationIsVisible = 0;
			defaultConfigurationName = Release;
		};
		D5C6511229D8BF800092E83A /* Build configuration list for PBXNativeTarget "AppUITests" */ = {
			isa = XCConfigurationList;
			buildConfigurations = (
				D5C6511329D8BF800092E83A /* Debug */,
				D5C6511429D8BF800092E83A /* Release */,
			);
			defaultConfigurationIsVisible = 0;
			defaultConfigurationName = Release;
		};
/* End XCConfigurationList section */
	};
	rootObject = D5C650E029D8BF7F0092E83A /* Project object */;
}
